
Microsoft Visual Studio Solution File, Format Version 12.00
# Visual Studio Version 16
VisualStudioVersion = 16.0.31727.386
MinimumVisualStudioVersion = 10.0.40219.1
Project("{FAE04EC0-301F-11D3-BF4B-00C04F79EFBC}") = "Laboratorio2", "Laboratorio2\Laboratorio2.csproj", "{FA5446B6-DF23-418D-B78D-54EB92AF31A6}"
EndProject
Global
	GlobalSection(SolutionConfigurationPlatforms) = preSolution
		Debug|Any CPU = Debug|Any CPU
		Release|Any CPU = Release|Any CPU
	EndGlobalSection
	GlobalSection(ProjectConfigurationPlatforms) = postSolution
		{FA5446B6-DF23-418D-B78D-54EB92AF31A6}.Debug|Any CPU.ActiveCfg = Debug|Any CPU
		{FA5446B6-DF23-418D-B78D-54EB92AF31A6}.Debug|Any CPU.Build.0 = Debug|Any CPU
		{FA5446B6-DF23-418D-B78D-54EB92AF31A6}.Release|Any CPU.ActiveCfg = Release|Any CPU
		{FA5446B6-DF23-418D-B78D-54EB92AF31A6}.Release|Any CPU.Build.0 = Release|Any CPU
	EndGlobalSection
	GlobalSection(SolutionProperties) = preSolution
		HideSolutionNode = FALSE
	EndGlobalSection
	GlobalSection(ExtensibilityGlobals) = postSolution
		SolutionGuid = {5ABE5947-CDAF-4E1D-95A5-33F754A0842A}
	EndGlobalSection
EndGlobal
